
Microsoft Visual Studio Solution File, Format Version 12.00
# Visual Studio Version 17
VisualStudioVersion = 17.4.33213.308
MinimumVisualStudioVersion = 10.0.40219.1
Project("{FAE04EC0-301F-11D3-BF4B-00C04F79EFBC}") = "MillRecuts", "WindowsFormsApp1\MillRecuts.csproj", "{CF7C1E30-76E0-4498-9780-E7A15B2BF491}"
EndProject
Global
	GlobalSection(SolutionConfigurationPlatforms) = preSolution
		Debug|Any CPU = Debug|Any CPU
		Release|Any CPU = Release|Any CPU
	EndGlobalSection
	GlobalSection(ProjectConfigurationPlatforms) = postSolution
		{CF7C1E30-76E0-4498-9780-E7A15B2BF491}.Debug|Any CPU.ActiveCfg = Debug|Any CPU
		{CF7C1E30-76E0-4498-9780-E7A15B2BF491}.Debug|Any CPU.Build.0 = Debug|Any CPU
		{CF7C1E30-76E0-4498-9780-E7A15B2BF491}.Release|Any CPU.ActiveCfg = Release|Any CPU
		{CF7C1E30-76E0-4498-9780-E7A15B2BF491}.Release|Any CPU.Build.0 = Release|Any CPU
	EndGlobalSection
	GlobalSection(SolutionProperties) = preSolution
		HideSolutionNode = FALSE
	EndGlobalSection
	GlobalSection(ExtensibilityGlobals) = postSolution
		SolutionGuid = {D5426300-A220-44A1-B129-CEA00171BA5A}
	EndGlobalSection
EndGlobal
